PODS:
  - Alamofire (3.3.0)
  - AlamofireImage (2.4.0):
    - Alamofire (~> 3.3)
  - Nimble (3.2.0)
  - OmniCarouselView (0.1.0):
    - AlamofireImage (~> 2.0)
  - Quick (0.9.1)

DEPENDENCIES:
  - Nimble (~> 3.0)
  - OmniCarouselView (from `../`)
  - Quick (~> 0.8)

EXTERNAL SOURCES:
  OmniCarouselView:
    :path: ../

SPEC CHECKSUMS:
  Alamofire: 9054db4a1b1ca9e363223183e01cea380159a27c
  AlamofireImage: 87408b652e0f5ae5fe364035f15aea8b9b24c77e
  Nimble: 703854335d181df169bbca9c97117b5cf8c47c1d
  OmniCarouselView: 335ad7d42e813f1f611926af1f443551da35b681
  Quick: a5221fc21788b6aeda934805e68b061839bc3165

COCOAPODS: 0.39.0
